
Microsoft Visual Studio Solution File, Format Version 12.00
# Visual Studio Version 17
VisualStudioVersion = 17.0.31903.59
MinimumVisualStudioVersion = 10.0.40219.1
Project("{FAE04EC0-301F-11D3-BF4B-00C04F79EFBC}") = "MyThuat.Api", "MyThuat.Api\MyThuat.Api.csproj", "{F07BD4B9-83DD-484D-9C96-047B31A09D43}"
EndProject
Project("{FAE04EC0-301F-11D3-BF4B-00C04F79EFBC}") = "MyThuat.Checks", "MyThuat.Checks\MyThuat.Checks.csproj", "{0B3EE78B-CBED-44FB-8AE9-8B71C5D5EEC8}"
EndProject
Global
	GlobalSection(SolutionConfigurationPlatforms) = preSolution
		Debug|Any CPU = Debug|Any CPU
		Debug|x64 = Debug|x64
		Debug|x86 = Debug|x86
		Release|Any CPU = Release|Any CPU
		Release|x64 = Release|x64
		Release|x86 = Release|x86
	EndGlobalSection
	GlobalSection(ProjectConfigurationPlatforms) = postSolution
		{F07BD4B9-83DD-484D-9C96-047B31A09D43}.Debug|Any CPU.ActiveCfg = Debug|Any CPU
		{F07BD4B9-83DD-484D-9C96-047B31A09D43}.Debug|Any CPU.Build.0 = Debug|Any CPU
		{F07BD4B9-83DD-484D-9C96-047B31A09D43}.Debug|x64.ActiveCfg = Debug|Any CPU
		{F07BD4B9-83DD-484D-9C96-047B31A09D43}.Debug|x64.Build.0 = Debug|Any CPU
		{F07BD4B9-83DD-484D-9C96-047B31A09D43}.Debug|x86.ActiveCfg = Debug|Any CPU
		{F07BD4B9-83DD-484D-9C96-047B31A09D43}.Debug|x86.Build.0 = Debug|Any CPU
		{F07BD4B9-83DD-484D-9C96-047B31A09D43}.Release|Any CPU.ActiveCfg = Release|Any CPU
		{F07BD4B9-83DD-484D-9C96-047B31A09D43}.Release|Any CPU.Build.0 = Release|Any CPU
		{F07BD4B9-83DD-484D-9C96-047B31A09D43}.Release|x64.ActiveCfg = Release|Any CPU
		{F07BD4B9-83DD-484D-9C96-047B31A09D43}.Release|x64.Build.0 = Release|Any CPU
		{F07BD4B9-83DD-484D-9C96-047B31A09D43}.Release|x86.ActiveCfg = Release|Any CPU
		{F07BD4B9-83DD-484D-9C96-047B31A09D43}.Release|x86.Build.0 = Release|Any CPU
		{0B3EE78B-CBED-44FB-8AE9-8B71C5D5EEC8}.Debug|Any CPU.ActiveCfg = Debug|Any CPU
		{0B3EE78B-CBED-44FB-8AE9-8B71C5D5EEC8}.Debug|Any CPU.Build.0 = Debug|Any CPU
		{0B3EE78B-CBED-44FB-8AE9-8B71C5D5EEC8}.Debug|x64.ActiveCfg = Debug|Any CPU
		{0B3EE78B-CBED-44FB-8AE9-8B71C5D5EEC8}.Debug|x64.Build.0 = Debug|Any CPU
		{0B3EE78B-CBED-44FB-8AE9-8B71C5D5EEC8}.Debug|x86.ActiveCfg = Debug|Any CPU
		{0B3EE78B-CBED-44FB-8AE9-8B71C5D5EEC8}.Debug|x86.Build.0 = Debug|Any CPU
		{0B3EE78B-CBED-44FB-8AE9-8B71C5D5EEC8}.Release|Any CPU.ActiveCfg = Release|Any CPU
		{0B3EE78B-CBED-44FB-8AE9-8B71C5D5EEC8}.Release|Any CPU.Build.0 = Release|Any CPU
		{0B3EE78B-CBED-44FB-8AE9-8B71C5D5EEC8}.Release|x64.ActiveCfg = Release|Any CPU
		{0B3EE78B-CBED-44FB-8AE9-8B71C5D5EEC8}.Release|x64.Build.0 = Release|Any CPU
		{0B3EE78B-CBED-44FB-8AE9-8B71C5D5EEC8}.Release|x86.ActiveCfg = Release|Any CPU
		{0B3EE78B-CBED-44FB-8AE9-8B71C5D5EEC8}.Release|x86.Build.0 = Release|Any CPU
	EndGlobalSection
	GlobalSection(SolutionProperties) = preSolution
		HideSolutionNode = FALSE
	EndGlobalSection
EndGlobal
